
Microsoft Visual Studio Solution File, Format Version 12.00
# Visual Studio Version 17
VisualStudioVersion = 17.6.33815.320
MinimumVisualStudioVersion = 10.0.40219.1
Project("{FAE04EC0-301F-11D3-BF4B-00C04F79EFBC}") = "ToDoApi", "ToDoApi\ToDoApi.csproj", "{64C801BF-B1D2-41DD-96B0-6B6DCB128E29}"
EndProject
Global
	GlobalSection(SolutionConfigurationPlatforms) = preSolution
		Debug|Any CPU = Debug|Any CPU
		Release|Any CPU = Release|Any CPU
	EndGlobalSection
	GlobalSection(ProjectConfigurationPlatforms) = postSolution
		{64C801BF-B1D2-41DD-96B0-6B6DCB128E29}.Debug|Any CPU.ActiveCfg = Debug|Any CPU
		{64C801BF-B1D2-41DD-96B0-6B6DCB128E29}.Debug|Any CPU.Build.0 = Debug|Any CPU
		{64C801BF-B1D2-41DD-96B0-6B6DCB128E29}.Release|Any CPU.ActiveCfg = Release|Any CPU
		{64C801BF-B1D2-41DD-96B0-6B6DCB128E29}.Release|Any CPU.Build.0 = Release|Any CPU
	EndGlobalSection
	GlobalSection(SolutionProperties) = preSolution
		HideSolutionNode = FALSE
	EndGlobalSection
	GlobalSection(ExtensibilityGlobals) = postSolution
		SolutionGuid = {4E714820-4EC7-408F-A8C7-0B872D598602}
	EndGlobalSection
EndGlobal
